
Microsoft Visual Studio Solution File, Format Version 12.00
# Visual Studio Version 17
VisualStudioVersion = 17.6.33829.357
MinimumVisualStudioVersion = 10.0.40219.1
Project("{FAE04EC0-301F-11D3-BF4B-00C04F79EFBC}") = "CrudTestGithub", "CrudTestGithub\CrudTestGithub.csproj", "{0D0D3F84-CC90-499E-AD90-CFB6253549B5}"
EndProject
Project("{FAE04EC0-301F-11D3-BF4B-00C04F79EFBC}") = "CrudDatabase", "CrudDatabase\CrudDatabase.csproj", "{D89BB3EF-C169-4D25-8BCC-C03036ECBEFF}"
EndProject
Global
	GlobalSection(SolutionConfigurationPlatforms) = preSolution
		Debug|Any CPU = Debug|Any CPU
		Release|Any CPU = Release|Any CPU
	EndGlobalSection
	GlobalSection(ProjectConfigurationPlatforms) = postSolution
		{0D0D3F84-CC90-499E-AD90-CFB6253549B5}.Debug|Any CPU.ActiveCfg = Debug|Any CPU
		{0D0D3F84-CC90-499E-AD90-CFB6253549B5}.Debug|Any CPU.Build.0 = Debug|Any CPU
		{0D0D3F84-CC90-499E-AD90-CFB6253549B5}.Release|Any CPU.ActiveCfg = Release|Any CPU
		{0D0D3F84-CC90-499E-AD90-CFB6253549B5}.Release|Any CPU.Build.0 = Release|Any CPU
		{D89BB3EF-C169-4D25-8BCC-C03036ECBEFF}.Debug|Any CPU.ActiveCfg = Debug|Any CPU
		{D89BB3EF-C169-4D25-8BCC-C03036ECBEFF}.Debug|Any CPU.Build.0 = Debug|Any CPU
		{D89BB3EF-C169-4D25-8BCC-C03036ECBEFF}.Release|Any CPU.ActiveCfg = Release|Any CPU
		{D89BB3EF-C169-4D25-8BCC-C03036ECBEFF}.Release|Any CPU.Build.0 = Release|Any CPU
	EndGlobalSection
	GlobalSection(SolutionProperties) = preSolution
		HideSolutionNode = FALSE
	EndGlobalSection
	GlobalSection(ExtensibilityGlobals) = postSolution
		SolutionGuid = {58BD11A0-350E-404D-876B-EAB5D76D5592}
	EndGlobalSection
EndGlobal
